
Microsoft Visual Studio Solution File, Format Version 12.00
# Visual Studio Version 17
VisualStudioVersion = 17.3.32804.467
MinimumVisualStudioVersion = 10.0.40219.1
Project("{FAE04EC0-301F-11D3-BF4B-00C04F79EFBC}") = "AoC", "AoC\AoC.csproj", "{F36B5B5E-CEB4-4440-86A6-23544E5FB07B}"
EndProject
Global
	GlobalSection(SolutionConfigurationPlatforms) = preSolution
		Debug|Any CPU = Debug|Any CPU
		Release|Any CPU = Release|Any CPU
	EndGlobalSection
	GlobalSection(ProjectConfigurationPlatforms) = postSolution
		{F36B5B5E-CEB4-4440-86A6-23544E5FB07B}.Debug|Any CPU.ActiveCfg = Debug|Any CPU
		{F36B5B5E-CEB4-4440-86A6-23544E5FB07B}.Debug|Any CPU.Build.0 = Debug|Any CPU
		{F36B5B5E-CEB4-4440-86A6-23544E5FB07B}.Release|Any CPU.ActiveCfg = Release|Any CPU
		{F36B5B5E-CEB4-4440-86A6-23544E5FB07B}.Release|Any CPU.Build.0 = Release|Any CPU
	EndGlobalSection
	GlobalSection(SolutionProperties) = preSolution
		HideSolutionNode = FALSE
	EndGlobalSection
	GlobalSection(ExtensibilityGlobals) = postSolution
		SolutionGuid = {ECBDE35A-A91D-460F-8E44-F0A98F0AFACE}
	EndGlobalSection
EndGlobal
